{
    "version": 3,
    "terraform_version": "0.10.8",
    "serial": 3,
    "lineage": "5cd50d0f-82ee-4d11-ad3a-671b13a4b99d",
    "modules": [
        {
            "path": [
                "root"
            ],
            "outputs": {
                "Chefautomate_public_ip": {
                    "sensitive": false,
                    "type": "string",
                    "value": "129.146.68.145"
                },
                "Chefserver_PublicIP": {
                    "sensitive": false,
                    "type": "list",
                    "value": [
                        "129.146.65.77"
                    ]
                }
            },
            "resources": {},
            "depends_on": []
        },
        {
            "path": [
                "root",
                "ad_data_source"
            ],
            "outputs": {
                "ad1_name": {
                    "sensitive": false,
                    "type": "string",
                    "value": "NZrt:PHX-AD-2"
                }
            },
            "resources": {
                "data.oci_identity_availability_domains.chefAD": {
                    "type": "oci_identity_availability_domains",
                    "depends_on": [],
                    "primary": {
                        "id": "2017-11-10 12:28:40.8685776 +0000 UTC",
                        "attributes": {
                            "availability_domains.#": "3",
                            "availability_domains.0.compartment_id": "ocid1.compartment.oc1..aaaaaaaajgefvmehc6szlyyt66aiu6ecefhr7myrn32w2c5prxng5mq3wu7q",
                            "availability_domains.0.name": "NZrt:PHX-AD-1",
                            "availability_domains.1.compartment_id": "ocid1.compartment.oc1..aaaaaaaajgefvmehc6szlyyt66aiu6ecefhr7myrn32w2c5prxng5mq3wu7q",
                            "availability_domains.1.name": "NZrt:PHX-AD-2",
                            "availability_domains.2.compartment_id": "ocid1.compartment.oc1..aaaaaaaajgefvmehc6szlyyt66aiu6ecefhr7myrn32w2c5prxng5mq3wu7q",
                            "availability_domains.2.name": "NZrt:PHX-AD-3",
                            "compartment_id": "ocid1.compartment.oc1..aaaaaaaajgefvmehc6szlyyt66aiu6ecefhr7myrn32w2c5prxng5mq3wu7q",
                            "id": "2017-11-10 12:28:40.8685776 +0000 UTC"
                        },
                        "meta": {},
                        "tainted": false
                    },
                    "deposed": [],
                    "provider": ""
                }
            },
            "depends_on": []
        },
        {
            "path": [
                "root",
                "dhcp"
            ],
            "outputs": {
                "dhcp_ocid": {
                    "sensitive": false,
                    "type": "string",
                    "value": "ocid1.dhcpoptions.oc1.phx.aaaaaaaamx3rg5aygug4jeezbnfqho3ymcs5px3qbuzu2h4jvn36u2oulfkq"
                }
            },
            "resources": {
                "oci_core_dhcp_options.dhcp": {
                    "type": "oci_core_dhcp_options",
                    "depends_on": [],
                    "primary": {
                        "id": "ocid1.dhcpoptions.oc1.phx.aaaaaaaamx3rg5aygug4jeezbnfqho3ymcs5px3qbuzu2h4jvn36u2oulfkq",
                        "attributes": {
                            "compartment_id": "ocid1.compartment.oc1..aaaaaaaajgefvmehc6szlyyt66aiu6ecefhr7myrn32w2c5prxng5mq3wu7q",
                            "display_name": "chef-chefdhcp671a",
                            "id": "ocid1.dhcpoptions.oc1.phx.aaaaaaaamx3rg5aygug4jeezbnfqho3ymcs5px3qbuzu2h4jvn36u2oulfkq",
                            "options.#": "2",
                            "options.0.custom_dns_servers.#": "0",
                            "options.0.search_domain_names.#": "0",
                            "options.0.server_type": "VcnLocalPlusInternet",
                            "options.0.type": "DomainNameServer",
                            "options.1.custom_dns_servers.#": "0",
                            "options.1.search_domain_names.#": "1",
                            "options.1.search_domain_names.0": "chefautomate.oraclevcn.com",
                            "options.1.server_type": "",
                            "options.1.type": "SearchDomain",
                            "state": "AVAILABLE",
                            "time_created": "2017-11-10 11:39:11.343 +0000 UTC",
                            "vcn_id": "ocid1.vcn.oc1.phx.aaaaaaaa25wkalfeuqdgcznnufslfdyoijfwubvbmzqxjy2shviwsvws7dcq"
                        },
                        "meta": {
                            "e2bfb730-ecaa-11e6-8f88-34363bc7c4c0": {
                                "create": 300000000000,
                                "delete": 300000000000,
                                "update": 300000000000
                            }
                        },
                        "tainted": false
                    },
                    "deposed": [],
                    "provider": ""
                }
            },
            "depends_on": []
        },
        {
            "path": [
                "root",
                "images_data_source"
            ],
            "outputs": {
                "image_ocid": {
                    "sensitive": false,
                    "type": "string",
                    "value": "ocid1.image.oc1.phx.aaaaaaaa2ay36hruo7yreeehmdabcb4pdfiiipoyp6r6hud3tbjqzkp4xu2q"
                },
                "wimage_ocid": {
                    "sensitive": false,
                    "type": "string",
                    "value": "ocid1.image.oc1.phx.aaaaaaaab2xgy6bijtudhsgsbgns6zwfqnkdb2bp4l4qap7e4mehv6bv3qca"
                }
            },
            "resources": {
                "data.oci_core_images.OLImageOCID": {
                    "type": "oci_core_images",
                    "depends_on": [],
                    "primary": {
                        "id": "2017-11-10 12:28:40.369112 +0000 UTC",
                        "attributes": {
                            "compartment_id": "ocid1.compartment.oc1..aaaaaaaajgefvmehc6szlyyt66aiu6ecefhr7myrn32w2c5prxng5mq3wu7q",
                            "id": "2017-11-10 12:28:40.369112 +0000 UTC",
                            "images.#": "3",
                            "images.0.base_image_id": "",
                            "images.0.compartment_id": "",
                            "images.0.create_image_allowed": "true",
                            "images.0.display_name": "Canonical-Ubuntu-16.04-2017.10.25-0",
                            "images.0.id": "ocid1.image.oc1.phx.aaaaaaaa2ay36hruo7yreeehmdabcb4pdfiiipoyp6r6hud3tbjqzkp4xu2q",
                            "images.0.instance_id": "",
                            "images.0.operating_system": "Canonical Ubuntu",
                            "images.0.operating_system_version": "16.04",
                            "images.0.state": "AVAILABLE",
                            "images.0.time_created": "2017-10-25 22:38:17.526 +0000 UTC",
                            "images.1.base_image_id": "",
                            "images.1.compartment_id": "",
                            "images.1.create_image_allowed": "true",
                            "images.1.display_name": "Canonical-Ubuntu-16.04-2017.08.22-0",
                            "images.1.id": "ocid1.image.oc1.phx.aaaaaaaalzhdvphf77qgvqo2apmve7o4s4jo77rluaf456qdzrtwmkq2xhra",
                            "images.1.instance_id": "",
                            "images.1.operating_system": "Canonical Ubuntu",
                            "images.1.operating_system_version": "16.04",
                            "images.1.state": "AVAILABLE",
                            "images.1.time_created": "2017-08-07 22:11:38.656 +0000 UTC",
                            "images.2.base_image_id": "",
                            "images.2.compartment_id": "",
                            "images.2.create_image_allowed": "true",
                            "images.2.display_name": "Canonical-Ubuntu-16.04-2017.06.28-0",
                            "images.2.id": "ocid1.image.oc1.phx.aaaaaaaak2idogwetkehtdvo7m673ojuucpfxhybd3ehun7izzgjqi4c4gga",
                            "images.2.instance_id": "",
                            "images.2.operating_system": "Canonical Ubuntu",
                            "images.2.operating_system_version": "16.04",
                            "images.2.state": "AVAILABLE",
                            "images.2.time_created": "2017-06-22 17:42:36.437 +0000 UTC",
                            "operating_system": "Canonical Ubuntu",
                            "operating_system_version": "16.04"
                        },
                        "meta": {},
                        "tainted": false
                    },
                    "deposed": [],
                    "provider": ""
                },
                "data.oci_core_images.WLImageOCID": {
                    "type": "oci_core_images",
                    "depends_on": [],
                    "primary": {
                        "id": "2017-11-10 12:28:40.369112 +0000 UTC",
                        "attributes": {
                            "compartment_id": "ocid1.compartment.oc1..aaaaaaaajgefvmehc6szlyyt66aiu6ecefhr7myrn32w2c5prxng5mq3wu7q",
                            "id": "2017-11-10 12:28:40.369112 +0000 UTC",
                            "images.#": "4",
                            "images.0.base_image_id": "",
                            "images.0.compartment_id": "",
                            "images.0.create_image_allowed": "true",
                            "images.0.display_name": "Windows-Server-2012-R2-Standard-Edition-VM-2017.07.25-0",
                            "images.0.id": "ocid1.image.oc1.phx.aaaaaaaab2xgy6bijtudhsgsbgns6zwfqnkdb2bp4l4qap7e4mehv6bv3qca",
                            "images.0.instance_id": "",
                            "images.0.operating_system": "Windows",
                            "images.0.operating_system_version": "Server 2012 R2 Standard",
                            "images.0.state": "AVAILABLE",
                            "images.0.time_created": "2017-07-25 23:59:59.311 +0000 UTC",
                            "images.1.base_image_id": "",
                            "images.1.compartment_id": "",
                            "images.1.create_image_allowed": "true",
                            "images.1.display_name": "Windows-Server-2012-R2-Standard-Edition-VM-2017.04.03-0",
                            "images.1.id": "ocid1.image.oc1.phx.aaaaaaaa53cliasgvqmutflwqkafbro2y4ywjebci5szc4eus5byy2e2b7ua",
                            "images.1.instance_id": "",
                            "images.1.operating_system": "Windows",
                            "images.1.operating_system_version": "Server 2012 R2 Standard",
                            "images.1.state": "AVAILABLE",
                            "images.1.time_created": "2017-04-03 19:42:22.938 +0000 UTC",
                            "images.2.base_image_id": "",
                            "images.2.compartment_id": "",
                            "images.2.create_image_allowed": "true",
                            "images.2.display_name": "Windows-Server-2012-R2-Standard-Edition-BM-2017.07.25-0",
                            "images.2.id": "ocid1.image.oc1.phx.aaaaaaaadcegaay43eux6uap55fhp6lqaqh37xgocscktwm2yr7ql4pcykxq",
                            "images.2.instance_id": "",
                            "images.2.operating_system": "Windows",
                            "images.2.operating_system_version": "Server 2012 R2 Standard",
                            "images.2.state": "AVAILABLE",
                            "images.2.time_created": "2017-07-25 20:55:37.937 +0000 UTC",
                            "images.3.base_image_id": "",
                            "images.3.compartment_id": "",
                            "images.3.create_image_allowed": "true",
                            "images.3.display_name": "Windows-Server-2012-R2-Standard-Edition-BM-2017.04.13-0",
                            "images.3.id": "ocid1.image.oc1.phx.aaaaaaaa7xgecq2kt7tikqfrmshu6gwukoc3lcnf2iqtwmjyarlprp6j6lna",
                            "images.3.instance_id": "",
                            "images.3.operating_system": "Windows",
                            "images.3.operating_system_version": "Server 2012 R2 Standard",
                            "images.3.state": "AVAILABLE",
                            "images.3.time_created": "2017-04-13 17:36:50.84 +0000 UTC",
                            "operating_system": "Windows",
                            "operating_system_version": "Server 2012 R2 Standard"
                        },
                        "meta": {},
                        "tainted": false
                    },
                    "deposed": [],
                    "provider": ""
                }
            },
            "depends_on": []
        },
        {
            "path": [
                "root",
                "instance"
            ],
            "outputs": {
                "chef_server_ocid": {
                    "sensitive": false,
                    "type": "string",
                    "value": "ocid1.instance.oc1.phx.abyhqljrgawmllpswp65o6kpq27omnqsbogkwzgatkmdhwaz56lhwykn5fgq"
                }
            },
            "resources": {
                "null_resource.remote-exec": {
                    "type": "null_resource",
                    "depends_on": [
                        "oci_core_instance.chefVM"
                    ],
                    "primary": {
                        "id": "8954884354936233840",
                        "attributes": {
                            "id": "8954884354936233840"
                        },
                        "meta": {},
                        "tainted": true
                    },
                    "deposed": [],
                    "provider": ""
                },
                "oci_core_instance.chefVM": {
                    "type": "oci_core_instance",
                    "depends_on": [],
                    "primary": {
                        "id": "ocid1.instance.oc1.phx.abyhqljrgawmllpswp65o6kpq27omnqsbogkwzgatkmdhwaz56lhwykn5fgq",
                        "attributes": {
                            "availability_domain": "NZrt:PHX-AD-2",
                            "compartment_id": "ocid1.compartment.oc1..aaaaaaaajgefvmehc6szlyyt66aiu6ecefhr7myrn32w2c5prxng5mq3wu7q",
                            "create_vnic_details.%": "5",
                            "create_vnic_details.assign_public_ip": "1",
                            "create_vnic_details.display_name": "chef-nic1",
                            "create_vnic_details.hostname_label": "chef-server",
                            "create_vnic_details.private_ip": "10.0.0.3",
                            "create_vnic_details.subnet_id": "ocid1.subnet.oc1.phx.aaaaaaaa3ss4uhdn3s27i4fgvgd4v32i6wb5a2isnjo4mlvaq73kzvu6qytq",
                            "display_name": "chef-server671a",
                            "id": "ocid1.instance.oc1.phx.abyhqljrgawmllpswp65o6kpq27omnqsbogkwzgatkmdhwaz56lhwykn5fgq",
                            "image": "ocid1.image.oc1.phx.aaaaaaaa2ay36hruo7yreeehmdabcb4pdfiiipoyp6r6hud3tbjqzkp4xu2q",
                            "ipxe_script": "",
                            "metadata.%": "2",
                            "metadata.ssh_authorized_keys": "ssh-rsa AAAAB3NzaC1yc2EAAAABJQAAAQEAgjlDRLYd04RyvpSosOwsv3eGKuRQ9qTYcVnX8HOAggoxL0pNzvSPL3D8esqedIQlkkwYezFqpdCU/U0lIpEYuA6vuWcDPY5t+Z+uo+TOctDJDJHmXEvv98ezgXB18LPYgSGQH+grGlLYwZUk+kNqgy5lDZkjcLLLldRdrekcxudVCt8bOzcozOi7bGVQ77dNC5TBcf2RLmDPV+fJENZnt/q3wmomoPiQ4D4pW+ep7U1xiUF6yL23Gfcig0g9N9wOroEDMVZIyLFxL15gNqw3Du8x36yDOV+A/2NNW0/3jc+C/2YHcHt39c+ME0YvtC3GpZTHhO8ZoSd4oyCJPqAiYw== rsa-key-20171012",
                            "metadata.user_data": "IyEvYmluL2Jhc2gNCnVzZXJuYW1lPXVidW50dQ0KcHdkPVBhc3N3b3JkQDEyMzQNCnN1ZG8gdXNlcm1vZCAtbCAkdXNlcm5hbWUgdWJ1bnR1DQp1c2VybW9kIC1kIC9ob21lLyR1c2VybmFtZSAtbSAkdXNlcm5hbWUNCmVjaG8gLWUgIiRwd2RcbiRwd2QiIHwgc3VkbyBwYXNzd2QgJHVzZXJuYW1lDQpmaWxlPSIvZXRjL3NzaC9zc2hkX2NvbmZpZyINCnBhc3N3ZF9hdXRoPSJ5ZXMiDQpjYXQgJGZpbGUgXA0KfCBzZWQgLWUgInM6XChQYXNzd29yZEF1dGhlbnRpY2F0aW9uXCkuKjpQYXNzd29yZEF1dGhlbnRpY2F0aW9uICRwYXNzd2RfYXV0aDoiIFwNCj4gJGZpbGUubmV3DQptdiAkZmlsZS5uZXcgJGZpbGUNCnNlcnZpY2Ugc3NoZCByZXN0YXJ0",
                            "private_ip": "10.0.0.3",
                            "public_ip": "129.146.65.77",
                            "region": "phx",
                            "shape": "VM.Standard1.2",
                            "state": "RUNNING",
                            "subnet_id": "ocid1.subnet.oc1.phx.aaaaaaaa3ss4uhdn3s27i4fgvgd4v32i6wb5a2isnjo4mlvaq73kzvu6qytq",
                            "time_created": "2017-11-10 11:40:09.454 +0000 UTC"
                        },
                        "meta": {
                            "e2bfb730-ecaa-11e6-8f88-34363bc7c4c0": {
                                "create": 7200000000000,
                                "delete": 7200000000000,
                                "update": 7200000000000
                            }
                        },
                        "tainted": false
                    },
                    "deposed": [],
                    "provider": ""
                }
            },
            "depends_on": []
        },
        {
            "path": [
                "root",
                "instance1"
            ],
            "outputs": {
                "chef_automate_ocid": {
                    "sensitive": false,
                    "type": "string",
                    "value": "ocid1.instance.oc1.phx.abyhqljreegqfdwa52r6wrgbyh33vy6iygv3nr4negqddh74h5alovpzbabq"
                }
            },
            "resources": {
                "null_resource.remote-exec2": {
                    "type": "null_resource",
                    "depends_on": [
                        "oci_core_instance.chefVM2"
                    ],
                    "primary": {
                        "id": "5792463104787743854",
                        "attributes": {
                            "id": "5792463104787743854"
                        },
                        "meta": {},
                        "tainted": false
                    },
                    "deposed": [],
                    "provider": ""
                },
                "oci_core_instance.chefVM2": {
                    "type": "oci_core_instance",
                    "depends_on": [],
                    "primary": {
                        "id": "ocid1.instance.oc1.phx.abyhqljreegqfdwa52r6wrgbyh33vy6iygv3nr4negqddh74h5alovpzbabq",
                        "attributes": {
                            "availability_domain": "NZrt:PHX-AD-2",
                            "compartment_id": "ocid1.compartment.oc1..aaaaaaaajgefvmehc6szlyyt66aiu6ecefhr7myrn32w2c5prxng5mq3wu7q",
                            "create_vnic_details.%": "5",
                            "create_vnic_details.assign_public_ip": "1",
                            "create_vnic_details.display_name": "chef-nic1",
                            "create_vnic_details.hostname_label": "chef-automate",
                            "create_vnic_details.private_ip": "10.0.0.4",
                            "create_vnic_details.subnet_id": "ocid1.subnet.oc1.phx.aaaaaaaa3ss4uhdn3s27i4fgvgd4v32i6wb5a2isnjo4mlvaq73kzvu6qytq",
                            "display_name": "chef-automate671a",
                            "id": "ocid1.instance.oc1.phx.abyhqljreegqfdwa52r6wrgbyh33vy6iygv3nr4negqddh74h5alovpzbabq",
                            "image": "ocid1.image.oc1.phx.aaaaaaaa2ay36hruo7yreeehmdabcb4pdfiiipoyp6r6hud3tbjqzkp4xu2q",
                            "ipxe_script": "",
                            "metadata.%": "1",
                            "metadata.ssh_authorized_keys": "ssh-rsa AAAAB3NzaC1yc2EAAAABJQAAAQEAgjlDRLYd04RyvpSosOwsv3eGKuRQ9qTYcVnX8HOAggoxL0pNzvSPL3D8esqedIQlkkwYezFqpdCU/U0lIpEYuA6vuWcDPY5t+Z+uo+TOctDJDJHmXEvv98ezgXB18LPYgSGQH+grGlLYwZUk+kNqgy5lDZkjcLLLldRdrekcxudVCt8bOzcozOi7bGVQ77dNC5TBcf2RLmDPV+fJENZnt/q3wmomoPiQ4D4pW+ep7U1xiUF6yL23Gfcig0g9N9wOroEDMVZIyLFxL15gNqw3Du8x36yDOV+A/2NNW0/3jc+C/2YHcHt39c+ME0YvtC3GpZTHhO8ZoSd4oyCJPqAiYw== rsa-key-20171012",
                            "private_ip": "10.0.0.4",
                            "public_ip": "129.146.68.145",
                            "region": "phx",
                            "shape": "VM.Standard1.2",
                            "state": "RUNNING",
                            "subnet_id": "ocid1.subnet.oc1.phx.aaaaaaaa3ss4uhdn3s27i4fgvgd4v32i6wb5a2isnjo4mlvaq73kzvu6qytq",
                            "time_created": "2017-11-10 12:28:54.379 +0000 UTC"
                        },
                        "meta": {
                            "e2bfb730-ecaa-11e6-8f88-34363bc7c4c0": {
                                "create": 7200000000000,
                                "delete": 7200000000000,
                                "update": 7200000000000
                            }
                        },
                        "tainted": false
                    },
                    "deposed": [],
                    "provider": ""
                }
            },
            "depends_on": []
        },
        {
            "path": [
                "root",
                "instance2"
            ],
            "outputs": {},
            "resources": {
                "oci_core_instance.chefworkstation": {
                    "type": "oci_core_instance",
                    "depends_on": [],
                    "primary": {
                        "id": "ocid1.instance.oc1.phx.abyhqljrls5hc2dzswzoikkbthrzhvanclu3l7rshwmu6pbdmkzyuw3nv5kq",
                        "attributes": {
                            "availability_domain": "NZrt:PHX-AD-2",
                            "compartment_id": "ocid1.compartment.oc1..aaaaaaaajgefvmehc6szlyyt66aiu6ecefhr7myrn32w2c5prxng5mq3wu7q",
                            "create_vnic_details.%": "4",
                            "create_vnic_details.assign_public_ip": "1",
                            "create_vnic_details.display_name": "chef-nic1",
                            "create_vnic_details.hostname_label": "chef-ws",
                            "create_vnic_details.subnet_id": "ocid1.subnet.oc1.phx.aaaaaaaa3ss4uhdn3s27i4fgvgd4v32i6wb5a2isnjo4mlvaq73kzvu6qytq",
                            "display_name": "chef-workstation671a",
                            "id": "ocid1.instance.oc1.phx.abyhqljrls5hc2dzswzoikkbthrzhvanclu3l7rshwmu6pbdmkzyuw3nv5kq",
                            "image": "ocid1.image.oc1.phx.aaaaaaaab2xgy6bijtudhsgsbgns6zwfqnkdb2bp4l4qap7e4mehv6bv3qca",
                            "ipxe_script": "",
                            "metadata.%": "0",
                            "private_ip": "10.0.0.2",
                            "public_ip": "129.146.67.249",
                            "region": "phx",
                            "shape": "VM.Standard1.2",
                            "state": "RUNNING",
                            "subnet_id": "ocid1.subnet.oc1.phx.aaaaaaaa3ss4uhdn3s27i4fgvgd4v32i6wb5a2isnjo4mlvaq73kzvu6qytq",
                            "time_created": "2017-11-10 11:40:07.889 +0000 UTC"
                        },
                        "meta": {
                            "e2bfb730-ecaa-11e6-8f88-34363bc7c4c0": {
                                "create": 7200000000000,
                                "delete": 7200000000000,
                                "update": 7200000000000
                            }
                        },
                        "tainted": false
                    },
                    "deposed": [],
                    "provider": ""
                }
            },
            "depends_on": []
        },
        {
            "path": [
                "root",
                "internet_gateway"
            ],
            "outputs": {
                "internet_gateway_ocid": {
                    "sensitive": false,
                    "type": "string",
                    "value": "ocid1.internetgateway.oc1.phx.aaaaaaaaxzti7vftu75vlv6xlbs5hiurad6t7bs4ivpyiltv2m5hvy5pbxdq"
                }
            },
            "resources": {
                "oci_core_internet_gateway.chefIG": {
                    "type": "oci_core_internet_gateway",
                    "depends_on": [],
                    "primary": {
                        "id": "ocid1.internetgateway.oc1.phx.aaaaaaaaxzti7vftu75vlv6xlbs5hiurad6t7bs4ivpyiltv2m5hvy5pbxdq",
                        "attributes": {
                            "compartment_id": "ocid1.compartment.oc1..aaaaaaaajgefvmehc6szlyyt66aiu6ecefhr7myrn32w2c5prxng5mq3wu7q",
                            "display_name": "chef-igw671a",
                            "enabled": "true",
                            "id": "ocid1.internetgateway.oc1.phx.aaaaaaaaxzti7vftu75vlv6xlbs5hiurad6t7bs4ivpyiltv2m5hvy5pbxdq",
                            "state": "AVAILABLE",
                            "time_created": "2017-11-10 11:39:11.243 +0000 UTC",
                            "time_modified": "0001-01-01 00:00:00 +0000 UTC",
                            "vcn_id": "ocid1.vcn.oc1.phx.aaaaaaaa25wkalfeuqdgcznnufslfdyoijfwubvbmzqxjy2shviwsvws7dcq"
                        },
                        "meta": {
                            "e2bfb730-ecaa-11e6-8f88-34363bc7c4c0": {
                                "create": 300000000000,
                                "delete": 300000000000,
                                "update": 300000000000
                            }
                        },
                        "tainted": false
                    },
                    "deposed": [],
                    "provider": ""
                }
            },
            "depends_on": []
        },
        {
            "path": [
                "root",
                "route_table"
            ],
            "outputs": {
                "route_table_ocid": {
                    "sensitive": false,
                    "type": "string",
                    "value": "ocid1.routetable.oc1.phx.aaaaaaaavfx23z4ucd2e5zy7ra2ltlhmqsijvkf3l2tpbk55arfcmrm5x4ga"
                }
            },
            "resources": {
                "oci_core_route_table.chefRT": {
                    "type": "oci_core_route_table",
                    "depends_on": [],
                    "primary": {
                        "id": "ocid1.routetable.oc1.phx.aaaaaaaavfx23z4ucd2e5zy7ra2ltlhmqsijvkf3l2tpbk55arfcmrm5x4ga",
                        "attributes": {
                            "compartment_id": "ocid1.compartment.oc1..aaaaaaaajgefvmehc6szlyyt66aiu6ecefhr7myrn32w2c5prxng5mq3wu7q",
                            "display_name": "chef-rt671a",
                            "id": "ocid1.routetable.oc1.phx.aaaaaaaavfx23z4ucd2e5zy7ra2ltlhmqsijvkf3l2tpbk55arfcmrm5x4ga",
                            "route_rules.#": "1",
                            "route_rules.0.cidr_block": "0.0.0.0/0",
                            "route_rules.0.network_entity_id": "ocid1.internetgateway.oc1.phx.aaaaaaaaxzti7vftu75vlv6xlbs5hiurad6t7bs4ivpyiltv2m5hvy5pbxdq",
                            "state": "AVAILABLE",
                            "time_created": "2017-11-10 11:39:15.483 +0000 UTC",
                            "time_modified": "0001-01-01 00:00:00 +0000 UTC",
                            "vcn_id": "ocid1.vcn.oc1.phx.aaaaaaaa25wkalfeuqdgcznnufslfdyoijfwubvbmzqxjy2shviwsvws7dcq"
                        },
                        "meta": {
                            "e2bfb730-ecaa-11e6-8f88-34363bc7c4c0": {
                                "create": 300000000000,
                                "delete": 300000000000,
                                "update": 300000000000
                            }
                        },
                        "tainted": false
                    },
                    "deposed": [],
                    "provider": ""
                }
            },
            "depends_on": []
        },
        {
            "path": [
                "root",
                "security_list"
            ],
            "outputs": {
                "security_list_ocid": {
                    "sensitive": false,
                    "type": "string",
                    "value": "ocid1.securitylist.oc1.phx.aaaaaaaa5mssaosjytjrtzdeocqwkfikflshkq4dm7ui7u6tgsfklynauq4q"
                }
            },
            "resources": {
                "oci_core_security_list.chefsecurity": {
                    "type": "oci_core_security_list",
                    "depends_on": [],
                    "primary": {
                        "id": "ocid1.securitylist.oc1.phx.aaaaaaaa5mssaosjytjrtzdeocqwkfikflshkq4dm7ui7u6tgsfklynauq4q",
                        "attributes": {
                            "compartment_id": "ocid1.compartment.oc1..aaaaaaaajgefvmehc6szlyyt66aiu6ecefhr7myrn32w2c5prxng5mq3wu7q",
                            "display_name": "chef-security671a",
                            "egress_security_rules.#": "1",
                            "egress_security_rules.0.destination": "0.0.0.0/0",
                            "egress_security_rules.0.icmp_options.#": "0",
                            "egress_security_rules.0.protocol": "all",
                            "egress_security_rules.0.stateless": "false",
                            "egress_security_rules.0.tcp_options.#": "0",
                            "egress_security_rules.0.udp_options.#": "0",
                            "id": "ocid1.securitylist.oc1.phx.aaaaaaaa5mssaosjytjrtzdeocqwkfikflshkq4dm7ui7u6tgsfklynauq4q",
                            "ingress_security_rules.#": "6",
                            "ingress_security_rules.0.icmp_options.#": "0",
                            "ingress_security_rules.0.protocol": "6",
                            "ingress_security_rules.0.source": "0.0.0.0/0",
                            "ingress_security_rules.0.stateless": "false",
                            "ingress_security_rules.0.tcp_options.#": "1",
                            "ingress_security_rules.0.tcp_options.0.max": "80",
                            "ingress_security_rules.0.tcp_options.0.min": "80",
                            "ingress_security_rules.0.udp_options.#": "0",
                            "ingress_security_rules.1.icmp_options.#": "0",
                            "ingress_security_rules.1.protocol": "6",
                            "ingress_security_rules.1.source": "0.0.0.0/0",
                            "ingress_security_rules.1.stateless": "false",
                            "ingress_security_rules.1.tcp_options.#": "1",
                            "ingress_security_rules.1.tcp_options.0.max": "443",
                            "ingress_security_rules.1.tcp_options.0.min": "443",
                            "ingress_security_rules.1.udp_options.#": "0",
                            "ingress_security_rules.2.icmp_options.#": "0",
                            "ingress_security_rules.2.protocol": "6",
                            "ingress_security_rules.2.source": "0.0.0.0/0",
                            "ingress_security_rules.2.stateless": "false",
                            "ingress_security_rules.2.tcp_options.#": "1",
                            "ingress_security_rules.2.tcp_options.0.max": "8989",
                            "ingress_security_rules.2.tcp_options.0.min": "8989",
                            "ingress_security_rules.2.udp_options.#": "0",
                            "ingress_security_rules.3.icmp_options.#": "0",
                            "ingress_security_rules.3.protocol": "6",
                            "ingress_security_rules.3.source": "0.0.0.0/0",
                            "ingress_security_rules.3.stateless": "false",
                            "ingress_security_rules.3.tcp_options.#": "1",
                            "ingress_security_rules.3.tcp_options.0.max": "22",
                            "ingress_security_rules.3.tcp_options.0.min": "22",
                            "ingress_security_rules.3.udp_options.#": "0",
                            "ingress_security_rules.4.icmp_options.#": "0",
                            "ingress_security_rules.4.protocol": "6",
                            "ingress_security_rules.4.source": "0.0.0.0/0",
                            "ingress_security_rules.4.stateless": "false",
                            "ingress_security_rules.4.tcp_options.#": "1",
                            "ingress_security_rules.4.tcp_options.0.max": "3389",
                            "ingress_security_rules.4.tcp_options.0.min": "3389",
                            "ingress_security_rules.4.udp_options.#": "0",
                            "ingress_security_rules.5.icmp_options.#": "0",
                            "ingress_security_rules.5.protocol": "6",
                            "ingress_security_rules.5.source": "0.0.0.0/0",
                            "ingress_security_rules.5.stateless": "false",
                            "ingress_security_rules.5.tcp_options.#": "1",
                            "ingress_security_rules.5.tcp_options.0.max": "5985",
                            "ingress_security_rules.5.tcp_options.0.min": "5985",
                            "ingress_security_rules.5.udp_options.#": "0",
                            "state": "AVAILABLE",
                            "time_created": "2017-11-10 11:39:11.358 +0000 UTC",
                            "vcn_id": "ocid1.vcn.oc1.phx.aaaaaaaa25wkalfeuqdgcznnufslfdyoijfwubvbmzqxjy2shviwsvws7dcq"
                        },
                        "meta": {
                            "e2bfb730-ecaa-11e6-8f88-34363bc7c4c0": {
                                "create": 300000000000,
                                "delete": 300000000000,
                                "update": 300000000000
                            }
                        },
                        "tainted": false
                    },
                    "deposed": [],
                    "provider": ""
                }
            },
            "depends_on": []
        },
        {
            "path": [
                "root",
                "subnets"
            ],
            "outputs": {
                "subnet_ocid": {
                    "sensitive": false,
                    "type": "string",
                    "value": "ocid1.subnet.oc1.phx.aaaaaaaa3ss4uhdn3s27i4fgvgd4v32i6wb5a2isnjo4mlvaq73kzvu6qytq"
                }
            },
            "resources": {
                "oci_core_subnet.chefsubnet1": {
                    "type": "oci_core_subnet",
                    "depends_on": [],
                    "primary": {
                        "id": "ocid1.subnet.oc1.phx.aaaaaaaa3ss4uhdn3s27i4fgvgd4v32i6wb5a2isnjo4mlvaq73kzvu6qytq",
                        "attributes": {
                            "availability_domain": "NZrt:PHX-AD-2",
                            "cidr_block": "10.0.0.0/24",
                            "compartment_id": "ocid1.compartment.oc1..aaaaaaaajgefvmehc6szlyyt66aiu6ecefhr7myrn32w2c5prxng5mq3wu7q",
                            "dhcp_options_id": "ocid1.dhcpoptions.oc1.phx.aaaaaaaamx3rg5aygug4jeezbnfqho3ymcs5px3qbuzu2h4jvn36u2oulfkq",
                            "display_name": "chef-subnet1671a",
                            "dns_label": "chefautomate",
                            "id": "ocid1.subnet.oc1.phx.aaaaaaaa3ss4uhdn3s27i4fgvgd4v32i6wb5a2isnjo4mlvaq73kzvu6qytq",
                            "prohibit_public_ip_on_vnic": "false",
                            "route_table_id": "ocid1.routetable.oc1.phx.aaaaaaaavfx23z4ucd2e5zy7ra2ltlhmqsijvkf3l2tpbk55arfcmrm5x4ga",
                            "security_list_ids.#": "1",
                            "security_list_ids.4035793907": "ocid1.securitylist.oc1.phx.aaaaaaaa5mssaosjytjrtzdeocqwkfikflshkq4dm7ui7u6tgsfklynauq4q",
                            "state": "AVAILABLE",
                            "time_created": "2017-11-10 11:39:35.336 +0000 UTC",
                            "vcn_id": "ocid1.vcn.oc1.phx.aaaaaaaa25wkalfeuqdgcznnufslfdyoijfwubvbmzqxjy2shviwsvws7dcq",
                            "virtual_router_ip": "10.0.0.1",
                            "virtual_router_mac": "00:00:17:33:9E:F2"
                        },
                        "meta": {
                            "e2bfb730-ecaa-11e6-8f88-34363bc7c4c0": {
                                "create": 300000000000,
                                "delete": 300000000000,
                                "update": 300000000000
                            }
                        },
                        "tainted": false
                    },
                    "deposed": [],
                    "provider": ""
                }
            },
            "depends_on": []
        },
        {
            "path": [
                "root",
                "unique_id"
            ],
            "outputs": {
                "unqid": {
                    "sensitive": false,
                    "type": "string",
                    "value": "671a"
                }
            },
            "resources": {
                "random_id.unq": {
                    "type": "random_id",
                    "depends_on": [],
                    "primary": {
                        "id": "Zxo",
                        "attributes": {
                            "b64": "Zxo",
                            "b64_std": "Zxo=",
                            "b64_url": "Zxo",
                            "byte_length": "2",
                            "dec": "26394",
                            "hex": "671a",
                            "id": "Zxo"
                        },
                        "meta": {},
                        "tainted": false
                    },
                    "deposed": [],
                    "provider": ""
                }
            },
            "depends_on": []
        },
        {
            "path": [
                "root",
                "vcn"
            ],
            "outputs": {
                "vcn_ocid": {
                    "sensitive": false,
                    "type": "string",
                    "value": "ocid1.vcn.oc1.phx.aaaaaaaa25wkalfeuqdgcznnufslfdyoijfwubvbmzqxjy2shviwsvws7dcq"
                }
            },
            "resources": {
                "oci_core_virtual_network.vcn": {
                    "type": "oci_core_virtual_network",
                    "depends_on": [],
                    "primary": {
                        "id": "ocid1.vcn.oc1.phx.aaaaaaaa25wkalfeuqdgcznnufslfdyoijfwubvbmzqxjy2shviwsvws7dcq",
                        "attributes": {
                            "cidr_block": "10.0.0.0/16",
                            "compartment_id": "ocid1.compartment.oc1..aaaaaaaajgefvmehc6szlyyt66aiu6ecefhr7myrn32w2c5prxng5mq3wu7q",
                            "default_dhcp_options_id": "ocid1.dhcpoptions.oc1.phx.aaaaaaaato7jhrc4govz6hvqk64rkxodto63xynczhdvcgbvihuv3f4vq3aq",
                            "default_route_table_id": "ocid1.routetable.oc1.phx.aaaaaaaampdpod56yhcsmicqk5wjxnyeklh3pa7nvnqalt4tzl764ruj6cfa",
                            "default_security_list_id": "ocid1.securitylist.oc1.phx.aaaaaaaadwa5vlfe44pfqwdzjnafnjv7o56dalvjxbktlog4v4zh2bhlh5tq",
                            "display_name": "chef-vcn",
                            "dns_label": "chefdns",
                            "id": "ocid1.vcn.oc1.phx.aaaaaaaa25wkalfeuqdgcznnufslfdyoijfwubvbmzqxjy2shviwsvws7dcq",
                            "state": "AVAILABLE",
                            "time_created": "2017-11-10 11:39:09.013 +0000 UTC"
                        },
                        "meta": {
                            "e2bfb730-ecaa-11e6-8f88-34363bc7c4c0": {
                                "create": 300000000000,
                                "delete": 300000000000,
                                "update": 300000000000
                            }
                        },
                        "tainted": false
                    },
                    "deposed": [],
                    "provider": ""
                }
            },
            "depends_on": []
        },
        {
            "path": [
                "root",
                "vnic_data_source"
            ],
            "outputs": {
                "chefautomate_private_ip": {
                    "sensitive": false,
                    "type": "string",
                    "value": "10.0.0.4"
                },
                "chefautomate_public_ip": {
                    "sensitive": false,
                    "type": "string",
                    "value": "129.146.68.145"
                },
                "chefserver_private_ip": {
                    "sensitive": false,
                    "type": "string",
                    "value": "10.0.0.3"
                },
                "chefserver_public_ip": {
                    "sensitive": false,
                    "type": "string",
                    "value": "129.146.65.77"
                }
            },
            "resources": {
                "data.oci_core_vnic.InstanceVnic": {
                    "type": "oci_core_vnic",
                    "depends_on": [
                        "data.oci_core_vnic_attachments.InstanceVnicas"
                    ],
                    "primary": {
                        "id": "ocid1.vnic.oc1.phx.abyhqljrfstjg2e2irtc66ioy5lzq7bhvfnojdxgrg7ykbvsfses25lltkzq",
                        "attributes": {
                            "availability_domain": "NZrt:PHX-AD-2",
                            "compartment_id": "ocid1.compartment.oc1..aaaaaaaajgefvmehc6szlyyt66aiu6ecefhr7myrn32w2c5prxng5mq3wu7q",
                            "display_name": "chef-nic1",
                            "hostname_label": "chef-server",
                            "id": "ocid1.vnic.oc1.phx.abyhqljrfstjg2e2irtc66ioy5lzq7bhvfnojdxgrg7ykbvsfses25lltkzq",
                            "is_primary": "true",
                            "mac_address": "00:00:17:00:2B:07",
                            "private_ip_address": "10.0.0.3",
                            "public_ip_address": "129.146.65.77",
                            "skip_source_dest_check": "false",
                            "state": "AVAILABLE",
                            "subnet_id": "ocid1.subnet.oc1.phx.aaaaaaaa3ss4uhdn3s27i4fgvgd4v32i6wb5a2isnjo4mlvaq73kzvu6qytq",
                            "time_created": "2017-11-10 11:40:12.835 +0000 UTC",
                            "vnic_id": "ocid1.vnic.oc1.phx.abyhqljrfstjg2e2irtc66ioy5lzq7bhvfnojdxgrg7ykbvsfses25lltkzq"
                        },
                        "meta": {},
                        "tainted": false
                    },
                    "deposed": [],
                    "provider": ""
                },
                "data.oci_core_vnic.InstanceVnic-2": {
                    "type": "oci_core_vnic",
                    "depends_on": [
                        "data.oci_core_vnic_attachments.InstanceVnicas-2"
                    ],
                    "primary": {
                        "id": "ocid1.vnic.oc1.phx.abyhqljrlhpfqey3m6hussrzb37oanfzgu7zm6dgwl7w6uoq7xb7yfsvxvtq",
                        "attributes": {
                            "availability_domain": "NZrt:PHX-AD-2",
                            "compartment_id": "ocid1.compartment.oc1..aaaaaaaajgefvmehc6szlyyt66aiu6ecefhr7myrn32w2c5prxng5mq3wu7q",
                            "display_name": "chef-nic1",
                            "hostname_label": "chef-automate",
                            "id": "ocid1.vnic.oc1.phx.abyhqljrlhpfqey3m6hussrzb37oanfzgu7zm6dgwl7w6uoq7xb7yfsvxvtq",
                            "is_primary": "true",
                            "mac_address": "00:00:17:00:E9:DA",
                            "private_ip_address": "10.0.0.4",
                            "public_ip_address": "129.146.68.145",
                            "skip_source_dest_check": "false",
                            "state": "AVAILABLE",
                            "subnet_id": "ocid1.subnet.oc1.phx.aaaaaaaa3ss4uhdn3s27i4fgvgd4v32i6wb5a2isnjo4mlvaq73kzvu6qytq",
                            "time_created": "2017-11-10 12:29:05.831 +0000 UTC",
                            "vnic_id": "ocid1.vnic.oc1.phx.abyhqljrlhpfqey3m6hussrzb37oanfzgu7zm6dgwl7w6uoq7xb7yfsvxvtq"
                        },
                        "meta": {},
                        "tainted": false
                    },
                    "deposed": [],
                    "provider": ""
                },
                "data.oci_core_vnic_attachments.InstanceVnicas": {
                    "type": "oci_core_vnic_attachments",
                    "depends_on": [],
                    "primary": {
                        "id": "2017-11-10 12:28:50.3634179 +0000 UTC",
                        "attributes": {
                            "availability_domain": "NZrt:PHX-AD-2",
                            "compartment_id": "ocid1.compartment.oc1..aaaaaaaajgefvmehc6szlyyt66aiu6ecefhr7myrn32w2c5prxng5mq3wu7q",
                            "id": "2017-11-10 12:28:50.3634179 +0000 UTC",
                            "instance_id": "ocid1.instance.oc1.phx.abyhqljrgawmllpswp65o6kpq27omnqsbogkwzgatkmdhwaz56lhwykn5fgq",
                            "vnic_attachments.#": "1",
                            "vnic_attachments.0.availability_domain": "NZrt:PHX-AD-2",
                            "vnic_attachments.0.compartment_id": "ocid1.compartment.oc1..aaaaaaaajgefvmehc6szlyyt66aiu6ecefhr7myrn32w2c5prxng5mq3wu7q",
                            "vnic_attachments.0.display_name": "",
                            "vnic_attachments.0.id": "ocid1.vnicattachment.oc1.phx.abyhqljrcabpe5c3crvxkslleailu2yd4uhjzcolkrb2pm6auyp2cfjjxf3a",
                            "vnic_attachments.0.instance_id": "ocid1.instance.oc1.phx.abyhqljrgawmllpswp65o6kpq27omnqsbogkwzgatkmdhwaz56lhwykn5fgq",
                            "vnic_attachments.0.state": "ATTACHED",
                            "vnic_attachments.0.subnet_id": "ocid1.subnet.oc1.phx.aaaaaaaa3ss4uhdn3s27i4fgvgd4v32i6wb5a2isnjo4mlvaq73kzvu6qytq",
                            "vnic_attachments.0.time_created": "Fri, 10 Nov 2017 11:40:13 UTC",
                            "vnic_attachments.0.vnic_id": "ocid1.vnic.oc1.phx.abyhqljrfstjg2e2irtc66ioy5lzq7bhvfnojdxgrg7ykbvsfses25lltkzq"
                        },
                        "meta": {},
                        "tainted": false
                    },
                    "deposed": [],
                    "provider": ""
                },
                "data.oci_core_vnic_attachments.InstanceVnicas-2": {
                    "type": "oci_core_vnic_attachments",
                    "depends_on": [],
                    "primary": {
                        "id": "2017-11-10 12:29:38.7015183 +0000 UTC",
                        "attributes": {
                            "availability_domain": "NZrt:PHX-AD-2",
                            "compartment_id": "ocid1.compartment.oc1..aaaaaaaajgefvmehc6szlyyt66aiu6ecefhr7myrn32w2c5prxng5mq3wu7q",
                            "id": "2017-11-10 12:29:38.7015183 +0000 UTC",
                            "instance_id": "ocid1.instance.oc1.phx.abyhqljreegqfdwa52r6wrgbyh33vy6iygv3nr4negqddh74h5alovpzbabq",
                            "vnic_attachments.#": "1",
                            "vnic_attachments.0.availability_domain": "NZrt:PHX-AD-2",
                            "vnic_attachments.0.compartment_id": "ocid1.compartment.oc1..aaaaaaaajgefvmehc6szlyyt66aiu6ecefhr7myrn32w2c5prxng5mq3wu7q",
                            "vnic_attachments.0.display_name": "",
                            "vnic_attachments.0.id": "ocid1.vnicattachment.oc1.phx.abyhqljrra2iospfumpdp5iklmmuf5fn3ruhhpstsoq2jciflkqvp533iioq",
                            "vnic_attachments.0.instance_id": "ocid1.instance.oc1.phx.abyhqljreegqfdwa52r6wrgbyh33vy6iygv3nr4negqddh74h5alovpzbabq",
                            "vnic_attachments.0.state": "ATTACHED",
                            "vnic_attachments.0.subnet_id": "ocid1.subnet.oc1.phx.aaaaaaaa3ss4uhdn3s27i4fgvgd4v32i6wb5a2isnjo4mlvaq73kzvu6qytq",
                            "vnic_attachments.0.time_created": "Fri, 10 Nov 2017 12:29:06 UTC",
                            "vnic_attachments.0.vnic_id": "ocid1.vnic.oc1.phx.abyhqljrlhpfqey3m6hussrzb37oanfzgu7zm6dgwl7w6uoq7xb7yfsvxvtq"
                        },
                        "meta": {},
                        "tainted": false
                    },
                    "deposed": [],
                    "provider": ""
                }
            },
            "depends_on": []
        }
    ]
}
