{
    "version": 3,
    "terraform_version": "0.10.8",
    "serial": 5,
    "lineage": "210b02b3-52cd-49a0-a6a5-54ef6afc83e8",
    "modules": [
        {
            "path": [
                "root"
            ],
            "outputs": {},
            "resources": {},
            "depends_on": []
        },
        {
            "path": [
                "root",
                "internet_gateway"
            ],
            "outputs": {
                "internet_gateway_ocid": {
                    "sensitive": false,
                    "type": "string",
                    "value": "ocid1.internetgateway.oc1.phx.aaaaaaaa5tviitn3wzpmxwx7i74fqw3qorbrymueiu3trdsuc3cl3647jrza"
                }
            },
            "resources": {
                "oci_core_internet_gateway.chefIG": {
                    "type": "oci_core_internet_gateway",
                    "depends_on": [],
                    "primary": {
                        "id": "ocid1.internetgateway.oc1.phx.aaaaaaaa5tviitn3wzpmxwx7i74fqw3qorbrymueiu3trdsuc3cl3647jrza",
                        "attributes": {
                            "compartment_id": "ocid1.compartment.oc1..aaaaaaaajgefvmehc6szlyyt66aiu6ecefhr7myrn32w2c5prxng5mq3wu7q",
                            "display_name": "chef-igwcf4b",
                            "enabled": "true",
                            "id": "ocid1.internetgateway.oc1.phx.aaaaaaaa5tviitn3wzpmxwx7i74fqw3qorbrymueiu3trdsuc3cl3647jrza",
                            "state": "AVAILABLE",
                            "time_created": "2017-11-09 11:20:07.259 +0000 UTC",
                            "time_modified": "0001-01-01 00:00:00 +0000 UTC",
                            "vcn_id": "ocid1.vcn.oc1.phx.aaaaaaaa6rq4iiaducbjudm34ugsvfyey6pjuqiquhc7kvad7anvmwx2wj2a"
                        },
                        "meta": {
                            "e2bfb730-ecaa-11e6-8f88-34363bc7c4c0": {
                                "create": 300000000000,
                                "delete": 300000000000,
                                "update": 300000000000
                            }
                        },
                        "tainted": false
                    },
                    "deposed": [],
                    "provider": ""
                }
            },
            "depends_on": []
        },
        {
            "path": [
                "root",
                "unique_id"
            ],
            "outputs": {
                "unqid": {
                    "sensitive": false,
                    "type": "string",
                    "value": "cf4b"
                }
            },
            "resources": {
                "random_id.unq": {
                    "type": "random_id",
                    "depends_on": [],
                    "primary": {
                        "id": "z0s",
                        "attributes": {
                            "b64": "z0s",
                            "b64_std": "z0s=",
                            "b64_url": "z0s",
                            "byte_length": "2",
                            "dec": "53067",
                            "hex": "cf4b",
                            "id": "z0s"
                        },
                        "meta": {},
                        "tainted": false
                    },
                    "deposed": [],
                    "provider": ""
                }
            },
            "depends_on": []
        },
        {
            "path": [
                "root",
                "vcn"
            ],
            "outputs": {
                "vcn_ocid": {
                    "sensitive": false,
                    "type": "string",
                    "value": "ocid1.vcn.oc1.phx.aaaaaaaa6rq4iiaducbjudm34ugsvfyey6pjuqiquhc7kvad7anvmwx2wj2a"
                }
            },
            "resources": {
                "oci_core_virtual_network.vcn": {
                    "type": "oci_core_virtual_network",
                    "depends_on": [],
                    "primary": {
                        "id": "ocid1.vcn.oc1.phx.aaaaaaaa6rq4iiaducbjudm34ugsvfyey6pjuqiquhc7kvad7anvmwx2wj2a",
                        "attributes": {
                            "cidr_block": "10.0.0.0/16",
                            "compartment_id": "ocid1.compartment.oc1..aaaaaaaajgefvmehc6szlyyt66aiu6ecefhr7myrn32w2c5prxng5mq3wu7q",
                            "default_dhcp_options_id": "ocid1.dhcpoptions.oc1.phx.aaaaaaaabmohnz3p7l6ovulgez7bonekhad6pg4mbteopqqib576mtawf3zq",
                            "default_route_table_id": "ocid1.routetable.oc1.phx.aaaaaaaadff5cludmc7mpv2lk2abufrdukc4qf4trj5c7ymtjsqgq73h7eza",
                            "default_security_list_id": "ocid1.securitylist.oc1.phx.aaaaaaaa57qsxuzqinyny6f2qc3sc3nln76pzcbmojt4z7czhxrpl2ocfh7a",
                            "display_name": "chef-vcn",
                            "dns_label": "chefdns",
                            "id": "ocid1.vcn.oc1.phx.aaaaaaaa6rq4iiaducbjudm34ugsvfyey6pjuqiquhc7kvad7anvmwx2wj2a",
                            "state": "AVAILABLE",
                            "time_created": "2017-11-09 08:55:57.3 +0000 UTC"
                        },
                        "meta": {
                            "e2bfb730-ecaa-11e6-8f88-34363bc7c4c0": {
                                "create": 300000000000,
                                "delete": 300000000000,
                                "update": 300000000000
                            }
                        },
                        "tainted": false
                    },
                    "deposed": [],
                    "provider": ""
                }
            },
            "depends_on": []
        }
    ]
}
